
Microsoft Visual Studio Solution File, Format Version 12.00
# Visual Studio Version 16
VisualStudioVersion = 16.0.29424.173
MinimumVisualStudioVersion = 10.0.40219.1
Project("{FAE04EC0-301F-11D3-BF4B-00C04F79EFBC}") = "SomeUiConsole", "SomeUiConsole\SomeUiConsole.csproj", "{79BF0CA1-F104-45AF-A46C-9404BA19D07D}"
EndProject
Global
	GlobalSection(SolutionConfigurationPlatforms) = preSolution
		Debug|Any CPU = Debug|Any CPU
		Release|Any CPU = Release|Any CPU
	EndGlobalSection
	GlobalSection(ProjectConfigurationPlatforms) = postSolution
		{79BF0CA1-F104-45AF-A46C-9404BA19D07D}.Debug|Any CPU.ActiveCfg = Debug|Any CPU
		{79BF0CA1-F104-45AF-A46C-9404BA19D07D}.Debug|Any CPU.Build.0 = Debug|Any CPU
		{79BF0CA1-F104-45AF-A46C-9404BA19D07D}.Release|Any CPU.ActiveCfg = Release|Any CPU
		{79BF0CA1-F104-45AF-A46C-9404BA19D07D}.Release|Any CPU.Build.0 = Release|Any CPU
	EndGlobalSection
	GlobalSection(SolutionProperties) = preSolution
		HideSolutionNode = FALSE
	EndGlobalSection
	GlobalSection(ExtensibilityGlobals) = postSolution
		SolutionGuid = {42B91CA1-C92F-4F00-9173-5F57F247D9E2}
	EndGlobalSection
EndGlobal
